
Microsoft Visual Studio Solution File, Format Version 12.00
# Visual Studio 2012
Project("{8BC9CEB8-8B4A-11D0-8D11-00A0C91BC942}") = "CrystalCraze.win32", "CrystalCraze\proj.win32\CrystalCraze.win32.vcxproj", "{2ABBD9EE-924F-4D24-B3DB-5CDFFCA11223}"
EndProject
Global
	GlobalSection(SolutionConfigurationPlatforms) = preSolution
		Debug|Win32 = Debug|Win32
		Release|Win32 = Release|Win32
	EndGlobalSection
	GlobalSection(ProjectConfigurationPlatforms) = postSolution
		{2ABBD9EE-924F-4D24-B3DB-5CDFFCA11223}.Debug|Win32.ActiveCfg = Debug|Win32
		{2ABBD9EE-924F-4D24-B3DB-5CDFFCA11223}.Debug|Win32.Build.0 = Debug|Win32
		{2ABBD9EE-924F-4D24-B3DB-5CDFFCA11223}.Release|Win32.ActiveCfg = Release|Win32
		{2ABBD9EE-924F-4D24-B3DB-5CDFFCA11223}.Release|Win32.Build.0 = Release|Win32
	EndGlobalSection
	GlobalSection(SolutionProperties) = preSolution
		HideSolutionNode = FALSE
	EndGlobalSection
EndGlobal
